
Microsoft Visual Studio Solution File, Format Version 12.00
# Visual Studio Version 17
VisualStudioVersion = 17.12.35527.113 d17.12
MinimumVisualStudioVersion = 10.0.40219.1
Project("{FAE04EC0-301F-11D3-BF4B-00C04F79EFBC}") = "Trees09Lib", "Trees09Lib\Trees09Lib.csproj", "{A2335D01-86A7-4618-8D47-341317585D97}"
EndProject
Project("{FAE04EC0-301F-11D3-BF4B-00C04F79EFBC}") = "Trees09Test", "Trees09Test\Trees09Test.csproj", "{A86F0E7A-8327-411A-B5FE-E13E583BFBB2}"
EndProject
Global
	GlobalSection(SolutionConfigurationPlatforms) = preSolution
		Debug|Any CPU = Debug|Any CPU
		Release|Any CPU = Release|Any CPU
	EndGlobalSection
	GlobalSection(ProjectConfigurationPlatforms) = postSolution
		{A2335D01-86A7-4618-8D47-341317585D97}.Debug|Any CPU.ActiveCfg = Debug|Any CPU
		{A2335D01-86A7-4618-8D47-341317585D97}.Debug|Any CPU.Build.0 = Debug|Any CPU
		{A2335D01-86A7-4618-8D47-341317585D97}.Release|Any CPU.ActiveCfg = Release|Any CPU
		{A2335D01-86A7-4618-8D47-341317585D97}.Release|Any CPU.Build.0 = Release|Any CPU
		{A86F0E7A-8327-411A-B5FE-E13E583BFBB2}.Debug|Any CPU.ActiveCfg = Debug|Any CPU
		{A86F0E7A-8327-411A-B5FE-E13E583BFBB2}.Debug|Any CPU.Build.0 = Debug|Any CPU
		{A86F0E7A-8327-411A-B5FE-E13E583BFBB2}.Release|Any CPU.ActiveCfg = Release|Any CPU
		{A86F0E7A-8327-411A-B5FE-E13E583BFBB2}.Release|Any CPU.Build.0 = Release|Any CPU
	EndGlobalSection
	GlobalSection(SolutionProperties) = preSolution
		HideSolutionNode = FALSE
	EndGlobalSection
EndGlobal
